
Microsoft Visual Studio Solution File, Format Version 12.00
# Visual Studio Version 17
VisualStudioVersion = 17.13.35919.96
MinimumVisualStudioVersion = 10.0.40219.1
Project("{8BC9CEB8-8B4A-11D0-8D11-00A0C91BC942}") = "HelloWorld", "HelloWorld\HelloWorld.vcxproj", "{A73CF1D2-4471-4EA1-BA67-9599ABDFC65B}"
EndProject
Project("{8BC9CEB8-8B4A-11D0-8D11-00A0C91BC942}") = "DataTypes", "DataTypes\DataTypes.vcxproj", "{A419541A-23E7-4C5E-AE2C-B01258B95B8B}"
EndProject
Project("{8BC9CEB8-8B4A-11D0-8D11-00A0C91BC942}") = "UserDataTypes", "UserDataTypes\UserDataTypes.vcxproj", "{B133667B-F9CA-42E1-941A-82BFFBE0D2DA}"
EndProject
Project("{8BC9CEB8-8B4A-11D0-8D11-00A0C91BC942}") = "NumberGuessingGame", "NumberGuessingGame\NumberGuessingGame.vcxproj", "{41352979-7138-4E04-9F1D-E61E77925AAD}"
EndProject
Project("{8BC9CEB8-8B4A-11D0-8D11-00A0C91BC942}") = "containers", "containers\containers.vcxproj", "{37DB4BBB-E81A-4494-B30D-46AED747E144}"
EndProject
Project("{8BC9CEB8-8B4A-11D0-8D11-00A0C91BC942}") = "Pointers", "Pointers\Pointers.vcxproj", "{8AD705AF-9057-42F8-B602-DDAB9226BA45}"
EndProject
Project("{8BC9CEB8-8B4A-11D0-8D11-00A0C91BC942}") = "References", "References\References.vcxproj", "{8ABD9606-B2F0-4441-BED7-D14032304120}"
EndProject
Project("{8BC9CEB8-8B4A-11D0-8D11-00A0C91BC942}") = "MemoryReview", "MemoryReview\MemoryReview.vcxproj", "{9F531202-3EEA-42B7-A7C0-A4405291BFC6}"
EndProject
Global
	GlobalSection(SolutionConfigurationPlatforms) = preSolution
		Debug|x64 = Debug|x64
		Debug|x86 = Debug|x86
		Release|x64 = Release|x64
		Release|x86 = Release|x86
	EndGlobalSection
	GlobalSection(ProjectConfigurationPlatforms) = postSolution
		{A73CF1D2-4471-4EA1-BA67-9599ABDFC65B}.Debug|x64.ActiveCfg = Debug|x64
		{A73CF1D2-4471-4EA1-BA67-9599ABDFC65B}.Debug|x64.Build.0 = Debug|x64
		{A73CF1D2-4471-4EA1-BA67-9599ABDFC65B}.Debug|x86.ActiveCfg = Debug|Win32
		{A73CF1D2-4471-4EA1-BA67-9599ABDFC65B}.Debug|x86.Build.0 = Debug|Win32
		{A73CF1D2-4471-4EA1-BA67-9599ABDFC65B}.Release|x64.ActiveCfg = Release|x64
		{A73CF1D2-4471-4EA1-BA67-9599ABDFC65B}.Release|x64.Build.0 = Release|x64
		{A73CF1D2-4471-4EA1-BA67-9599ABDFC65B}.Release|x86.ActiveCfg = Release|Win32
		{A73CF1D2-4471-4EA1-BA67-9599ABDFC65B}.Release|x86.Build.0 = Release|Win32
		{A419541A-23E7-4C5E-AE2C-B01258B95B8B}.Debug|x64.ActiveCfg = Debug|x64
		{A419541A-23E7-4C5E-AE2C-B01258B95B8B}.Debug|x64.Build.0 = Debug|x64
		{A419541A-23E7-4C5E-AE2C-B01258B95B8B}.Debug|x86.ActiveCfg = Debug|Win32
		{A419541A-23E7-4C5E-AE2C-B01258B95B8B}.Debug|x86.Build.0 = Debug|Win32
		{A419541A-23E7-4C5E-AE2C-B01258B95B8B}.Release|x64.ActiveCfg = Release|x64
		{A419541A-23E7-4C5E-AE2C-B01258B95B8B}.Release|x64.Build.0 = Release|x64
		{A419541A-23E7-4C5E-AE2C-B01258B95B8B}.Release|x86.ActiveCfg = Release|Win32
		{A419541A-23E7-4C5E-AE2C-B01258B95B8B}.Release|x86.Build.0 = Release|Win32
		{B133667B-F9CA-42E1-941A-82BFFBE0D2DA}.Debug|x64.ActiveCfg = Debug|x64
		{B133667B-F9CA-42E1-941A-82BFFBE0D2DA}.Debug|x64.Build.0 = Debug|x64
		{B133667B-F9CA-42E1-941A-82BFFBE0D2DA}.Debug|x86.ActiveCfg = Debug|Win32
		{B133667B-F9CA-42E1-941A-82BFFBE0D2DA}.Debug|x86.Build.0 = Debug|Win32
		{B133667B-F9CA-42E1-941A-82BFFBE0D2DA}.Release|x64.ActiveCfg = Release|x64
		{B133667B-F9CA-42E1-941A-82BFFBE0D2DA}.Release|x64.Build.0 = Release|x64
		{B133667B-F9CA-42E1-941A-82BFFBE0D2DA}.Release|x86.ActiveCfg = Release|Win32
		{B133667B-F9CA-42E1-941A-82BFFBE0D2DA}.Release|x86.Build.0 = Release|Win32
		{41352979-7138-4E04-9F1D-E61E77925AAD}.Debug|x64.ActiveCfg = Debug|x64
		{41352979-7138-4E04-9F1D-E61E77925AAD}.Debug|x64.Build.0 = Debug|x64
		{41352979-7138-4E04-9F1D-E61E77925AAD}.Debug|x86.ActiveCfg = Debug|Win32
		{41352979-7138-4E04-9F1D-E61E77925AAD}.Debug|x86.Build.0 = Debug|Win32
		{41352979-7138-4E04-9F1D-E61E77925AAD}.Release|x64.ActiveCfg = Release|x64
		{41352979-7138-4E04-9F1D-E61E77925AAD}.Release|x64.Build.0 = Release|x64
		{41352979-7138-4E04-9F1D-E61E77925AAD}.Release|x86.ActiveCfg = Release|Win32
		{41352979-7138-4E04-9F1D-E61E77925AAD}.Release|x86.Build.0 = Release|Win32
		{37DB4BBB-E81A-4494-B30D-46AED747E144}.Debug|x64.ActiveCfg = Debug|x64
		{37DB4BBB-E81A-4494-B30D-46AED747E144}.Debug|x64.Build.0 = Debug|x64
		{37DB4BBB-E81A-4494-B30D-46AED747E144}.Debug|x86.ActiveCfg = Debug|Win32
		{37DB4BBB-E81A-4494-B30D-46AED747E144}.Debug|x86.Build.0 = Debug|Win32
		{37DB4BBB-E81A-4494-B30D-46AED747E144}.Release|x64.ActiveCfg = Release|x64
		{37DB4BBB-E81A-4494-B30D-46AED747E144}.Release|x64.Build.0 = Release|x64
		{37DB4BBB-E81A-4494-B30D-46AED747E144}.Release|x86.ActiveCfg = Release|Win32
		{37DB4BBB-E81A-4494-B30D-46AED747E144}.Release|x86.Build.0 = Release|Win32
		{8AD705AF-9057-42F8-B602-DDAB9226BA45}.Debug|x64.ActiveCfg = Debug|x64
		{8AD705AF-9057-42F8-B602-DDAB9226BA45}.Debug|x64.Build.0 = Debug|x64
		{8AD705AF-9057-42F8-B602-DDAB9226BA45}.Debug|x86.ActiveCfg = Debug|Win32
		{8AD705AF-9057-42F8-B602-DDAB9226BA45}.Debug|x86.Build.0 = Debug|Win32
		{8AD705AF-9057-42F8-B602-DDAB9226BA45}.Release|x64.ActiveCfg = Release|x64
		{8AD705AF-9057-42F8-B602-DDAB9226BA45}.Release|x64.Build.0 = Release|x64
		{8AD705AF-9057-42F8-B602-DDAB9226BA45}.Release|x86.ActiveCfg = Release|Win32
		{8AD705AF-9057-42F8-B602-DDAB9226BA45}.Release|x86.Build.0 = Release|Win32
		{8ABD9606-B2F0-4441-BED7-D14032304120}.Debug|x64.ActiveCfg = Debug|x64
		{8ABD9606-B2F0-4441-BED7-D14032304120}.Debug|x64.Build.0 = Debug|x64
		{8ABD9606-B2F0-4441-BED7-D14032304120}.Debug|x86.ActiveCfg = Debug|Win32
		{8ABD9606-B2F0-4441-BED7-D14032304120}.Debug|x86.Build.0 = Debug|Win32
		{8ABD9606-B2F0-4441-BED7-D14032304120}.Release|x64.ActiveCfg = Release|x64
		{8ABD9606-B2F0-4441-BED7-D14032304120}.Release|x64.Build.0 = Release|x64
		{8ABD9606-B2F0-4441-BED7-D14032304120}.Release|x86.ActiveCfg = Release|Win32
		{8ABD9606-B2F0-4441-BED7-D14032304120}.Release|x86.Build.0 = Release|Win32
		{9F531202-3EEA-42B7-A7C0-A4405291BFC6}.Debug|x64.ActiveCfg = Debug|x64
		{9F531202-3EEA-42B7-A7C0-A4405291BFC6}.Debug|x64.Build.0 = Debug|x64
		{9F531202-3EEA-42B7-A7C0-A4405291BFC6}.Debug|x86.ActiveCfg = Debug|Win32
		{9F531202-3EEA-42B7-A7C0-A4405291BFC6}.Debug|x86.Build.0 = Debug|Win32
		{9F531202-3EEA-42B7-A7C0-A4405291BFC6}.Release|x64.ActiveCfg = Release|x64
		{9F531202-3EEA-42B7-A7C0-A4405291BFC6}.Release|x64.Build.0 = Release|x64
		{9F531202-3EEA-42B7-A7C0-A4405291BFC6}.Release|x86.ActiveCfg = Release|Win32
		{9F531202-3EEA-42B7-A7C0-A4405291BFC6}.Release|x86.Build.0 = Release|Win32
	EndGlobalSection
	GlobalSection(SolutionProperties) = preSolution
		HideSolutionNode = FALSE
	EndGlobalSection
	GlobalSection(ExtensibilityGlobals) = postSolution
		SolutionGuid = {A376540D-CFC7-43DE-9085-B8B52B67B28E}
	EndGlobalSection
EndGlobal
